{
  "projects": [
    {
      "projectId": "ohDidvG9XsCeFumugENU3J",
      "version": "3.7.0",
      "dependencies": {},
      "lang": "ts",
      "fileLocks": [
        {
          "assetId": "ohDidvG9XsCeFumugENU3J",
          "checksum": "cacbc90cce1ab4bf51a9eaf093ab89bd",
          "type": "globalContexts"
        },
        {
          "assetId": "ohDidvG9XsCeFumugENU3J",
          "type": "projectCss",
          "checksum": "93726672d70545e454fbe5134deec821"
        }
      ],
      "codegenVersion": "0.0.1"
    },
    {
      "projectId": "tDDRj6bhA72rUU2Wgcq2eA",
      "version": "latest",
      "dependencies": {
        "ohDidvG9XsCeFumugENU3J": "3.7.0"
      },
      "lang": "ts",
      "fileLocks": [
        {
          "type": "globalVariant",
          "assetId": "BRef4CKF-FYuM",
          "checksum": "26d568eeb946ac459e87fd8fe0140964"
        },
        {
          "assetId": "tDDRj6bhA72rUU2Wgcq2eA",
          "checksum": "ede27f51a67a06d0862ba56bb0b537a1",
          "type": "globalContexts"
        },
        {
          "type": "renderModule",
          "assetId": "SeTtzqCGQz",
          "checksum": "808753ee5193346c9de17489717faf02"
        },
        {
          "type": "cssRules",
          "assetId": "SeTtzqCGQz",
          "checksum": "808753ee5193346c9de17489717faf02"
        },
        {
          "type": "renderModule",
          "assetId": "5kmIiykNrd",
          "checksum": "9cf8a700390295fbc4a6fdadf5c2688f"
        },
        {
          "type": "cssRules",
          "assetId": "5kmIiykNrd",
          "checksum": "9cf8a700390295fbc4a6fdadf5c2688f"
        },
        {
          "type": "icon",
          "assetId": "TBOOjaH7__",
          "checksum": "e935c4894444ec58b035fb5a1e81912d"
        },
        {
          "type": "icon",
          "assetId": "V9R_MsR5d9",
          "checksum": "2f1a9351b1a9b9a256b18b8b9fa2995b"
        },
        {
          "type": "icon",
          "assetId": "bb4TwzirCJ",
          "checksum": "5a0605454454709ab852f3954049c7a0"
        },
        {
          "type": "icon",
          "assetId": "88vljwt9oU",
          "checksum": "80eb2523f057c76d1a579f1659aaf216"
        },
        {
          "type": "icon",
          "assetId": "7gydR2uQdK",
          "checksum": "ea5656a63ae5cd1da657e5fa6ecb8455"
        },
        {
          "type": "icon",
          "assetId": "lKw8OECe_B",
          "checksum": "a44d16cdcafd8a8e42b5f0213615afc9"
        },
        {
          "type": "icon",
          "assetId": "qaIMd65Es9",
          "checksum": "168adc25dd08a3f63e47efb3468bdd00"
        },
        {
          "type": "icon",
          "assetId": "tcx3gUBuTW",
          "checksum": "a3a74e02bed91e91536b0dc572e39716"
        },
        {
          "assetId": "tDDRj6bhA72rUU2Wgcq2eA",
          "type": "projectCss",
          "checksum": "3ddb521b6415c37eda020e282a073d97"
        }
      ],
      "codegenVersion": "0.0.1"
    }
  ],
  "cliVersion": "0.1.257"
}
