{
  "projects": [
    {
      "projectId": "ohDidvG9XsCeFumugENU3J",
      "version": "3.7.0",
      "dependencies": {},
      "lang": "ts",
      "fileLocks": [
        {
          "assetId": "ohDidvG9XsCeFumugENU3J",
          "checksum": "cacbc90cce1ab4bf51a9eaf093ab89bd",
          "type": "globalContexts"
        },
        {
          "assetId": "ohDidvG9XsCeFumugENU3J",
          "type": "projectCss",
          "checksum": "93726672d70545e454fbe5134deec821"
        }
      ],
      "codegenVersion": "0.0.1"
    },
    {
      "projectId": "tDDRj6bhA72rUU2Wgcq2eA",
      "version": "latest",
      "dependencies": {
        "ohDidvG9XsCeFumugENU3J": "3.9.0",
        "28Ba3BDvRe7EiWdfFNnLB6": "2.21.0"
      },
      "lang": "ts",
      "fileLocks": [
        {
          "type": "globalVariant",
          "assetId": "BRef4CKF-FYuM",
          "checksum": "b854462a107b7d1b103b730de084b8af"
        },
        {
          "assetId": "tDDRj6bhA72rUU2Wgcq2eA",
          "checksum": "ede27f51a67a06d0862ba56bb0b537a1",
          "type": "globalContexts"
        },
        {
          "type": "renderModule",
          "assetId": "SeTtzqCGQz",
          "checksum": "808753ee5193346c9de17489717faf02"
        },
        {
          "type": "cssRules",
          "assetId": "SeTtzqCGQz",
          "checksum": "808753ee5193346c9de17489717faf02"
        },
        {
          "type": "renderModule",
          "assetId": "5kmIiykNrd",
          "checksum": "f4e808c980b83925d2192b67e6cc9d9c"
        },
        {
          "type": "cssRules",
          "assetId": "5kmIiykNrd",
          "checksum": "f4e808c980b83925d2192b67e6cc9d9c"
        },
        {
          "type": "icon",
          "assetId": "TBOOjaH7__",
          "checksum": "e935c4894444ec58b035fb5a1e81912d"
        },
        {
          "type": "icon",
          "assetId": "V9R_MsR5d9",
          "checksum": "2f1a9351b1a9b9a256b18b8b9fa2995b"
        },
        {
          "type": "icon",
          "assetId": "bb4TwzirCJ",
          "checksum": "5a0605454454709ab852f3954049c7a0"
        },
        {
          "type": "icon",
          "assetId": "88vljwt9oU",
          "checksum": "80eb2523f057c76d1a579f1659aaf216"
        },
        {
          "type": "icon",
          "assetId": "7gydR2uQdK",
          "checksum": "ea5656a63ae5cd1da657e5fa6ecb8455"
        },
        {
          "type": "icon",
          "assetId": "lKw8OECe_B",
          "checksum": "a44d16cdcafd8a8e42b5f0213615afc9"
        },
        {
          "type": "icon",
          "assetId": "qaIMd65Es9",
          "checksum": "168adc25dd08a3f63e47efb3468bdd00"
        },
        {
          "type": "icon",
          "assetId": "tcx3gUBuTW",
          "checksum": "a3a74e02bed91e91536b0dc572e39716"
        },
        {
          "type": "renderModule",
          "assetId": "ppgqJ-P5bB",
          "checksum": "c07c4083df66fe747ae236ec56ec1565"
        },
        {
          "type": "cssRules",
          "assetId": "ppgqJ-P5bB",
          "checksum": "c07c4083df66fe747ae236ec56ec1565"
        },
        {
          "type": "renderModule",
          "assetId": "L7yFkYpvXpI",
          "checksum": "c2c033b7496e1d3df38835733f539b2c"
        },
        {
          "type": "cssRules",
          "assetId": "L7yFkYpvXpI",
          "checksum": "c2c033b7496e1d3df38835733f539b2c"
        },
        {
          "type": "renderModule",
          "assetId": "mc3_j3NteF",
          "checksum": "6692212fa19f4589b4a53cc0e0814338"
        },
        {
          "type": "cssRules",
          "assetId": "mc3_j3NteF",
          "checksum": "6692212fa19f4589b4a53cc0e0814338"
        },
        {
          "type": "renderModule",
          "assetId": "IUcshbqPHx",
          "checksum": "2fa77c5b3d80b2db8853e70479c14923"
        },
        {
          "type": "cssRules",
          "assetId": "IUcshbqPHx",
          "checksum": "2fa77c5b3d80b2db8853e70479c14923"
        },
        {
          "type": "icon",
          "assetId": "dYeQX6qkVWM",
          "checksum": "8f53bd078ecf46cd6b571a37b2d98d98"
        },
        {
          "type": "icon",
          "assetId": "oKPotAOgL1a",
          "checksum": "1ecdf076ca55e785fac030f75ac4f7a8"
        },
        {
          "type": "icon",
          "assetId": "tcjdxodujhWn",
          "checksum": "1af4a48e2bc3144c5b18f5eb3554cac2"
        },
        {
          "type": "icon",
          "assetId": "-NjAJXeFz",
          "checksum": "aa67283c32a656b7512c0c1b37a607ca"
        },
        {
          "type": "icon",
          "assetId": "Y6BtdLPFjM",
          "checksum": "592f1d7b7f116d2630e7821b2f3ef637"
        },
        {
          "type": "icon",
          "assetId": "dErf7CpQhR",
          "checksum": "238406112435129bd4480b20002c3a9d"
        },
        {
          "type": "image",
          "assetId": "OHlmwewAdD0p",
          "checksum": "32b37ad093d20b3106a345142773f382"
        },
        {
          "type": "image",
          "assetId": "kRXXtFNZH_qM",
          "checksum": "e73a6be25b61b3cdd0e913d63224df24"
        },
        {
          "type": "image",
          "assetId": "mjWxdSCEM2Aw",
          "checksum": "ff4e1881cac674f0dcb31e2456f94186"
        },
        {
          "assetId": "tDDRj6bhA72rUU2Wgcq2eA",
          "type": "projectCss",
          "checksum": "21cc68a34cbf86cf37dcdd5ec804c865"
        },
        {
          "type": "renderModule",
          "assetId": "MGvrXYhBYz",
          "checksum": "3ac9ad4def685daed92a00a50a9a2949"
        },
        {
          "type": "cssRules",
          "assetId": "MGvrXYhBYz",
          "checksum": "3ac9ad4def685daed92a00a50a9a2949"
        },
        {
          "type": "renderModule",
          "assetId": "ORhB_AY_QX",
          "checksum": "66b6c2b8cd924ef3d0443ad0a25fd7a7"
        },
        {
          "type": "cssRules",
          "assetId": "ORhB_AY_QX",
          "checksum": "66b6c2b8cd924ef3d0443ad0a25fd7a7"
        },
        {
          "type": "renderModule",
          "assetId": "I3wTvliVyK",
          "checksum": "dd5f9daa309d7b0d4bbe81dbf9c77756"
        },
        {
          "type": "cssRules",
          "assetId": "I3wTvliVyK",
          "checksum": "dd5f9daa309d7b0d4bbe81dbf9c77756"
        },
        {
          "type": "renderModule",
          "assetId": "H73uM9E5uR",
          "checksum": "da0d1cc05d239af490b598de7f53dc68"
        },
        {
          "type": "cssRules",
          "assetId": "H73uM9E5uR",
          "checksum": "da0d1cc05d239af490b598de7f53dc68"
        },
        {
          "type": "icon",
          "assetId": "kSuMxVvkHL",
          "checksum": "6a173c77627ed583790d217e029bb531"
        },
        {
          "type": "icon",
          "assetId": "PCGC1EuASi",
          "checksum": "d7f2db506c317b03e869e5ffd3a99e85"
        },
        {
          "type": "icon",
          "assetId": "eOiHcfTvhD",
          "checksum": "91ec31ab613796209a9372053b8d7e66"
        },
        {
          "type": "icon",
          "assetId": "SB_TvUnHA",
          "checksum": "e19c4ef7ffdcdd8c8cf9827f4556dc92"
        },
        {
          "type": "image",
          "assetId": "UgL_liZ0--x",
          "checksum": "e0e04ca9f52b74552b190c3e7c17338b"
        },
        {
          "type": "image",
          "assetId": "xHACf7mb-S8",
          "checksum": "8f91cd67f0fe6b08e7b32514ff2eafb4"
        },
        {
          "type": "image",
          "assetId": "nHK0V5iA6wj",
          "checksum": "b327c0baf83a3efbe3d91222caf531fe"
        },
        {
          "type": "image",
          "assetId": "wMDYMX2tBrV",
          "checksum": "339c86a676fa2b3f162ff1a322836d56"
        },
        {
          "type": "image",
          "assetId": "k_DFX8tULv5",
          "checksum": "69e247c33a3f195db1ddf0c4a5c92e3c"
        },
        {
          "type": "image",
          "assetId": "WYgNfKgnI7h",
          "checksum": "81915c36c44f1b7c3ec3e16d7027578d"
        },
        {
          "type": "image",
          "assetId": "HllRoIBSGFi",
          "checksum": "4af0c03cd0a771b110195f0043b72d9d"
        },
        {
          "type": "image",
          "assetId": "bEKQwsDZMGY",
          "checksum": "1886750f86dbfc4f629416285f9e111f"
        },
        {
          "type": "image",
          "assetId": "9byQ5u3GUa5",
          "checksum": "2667b7bc5320f78c881f7309015bf52a"
        },
        {
          "type": "image",
          "assetId": "jLFum4Xs1",
          "checksum": "5b56e5a901c69b0271c1f54a6ef4b77a"
        },
        {
          "type": "image",
          "assetId": "rHX_KhTsZ",
          "checksum": "e9695acaa29479458ec08eede3a01a33"
        },
        {
          "type": "image",
          "assetId": "MvzdgcT40",
          "checksum": "d28ad563f5026b556e4988e0c731b3f7"
        }
      ],
      "codegenVersion": "0.0.1"
    },
    {
      "projectId": "28Ba3BDvRe7EiWdfFNnLB6",
      "version": "2.21.0",
      "dependencies": {},
      "lang": "ts",
      "fileLocks": [
        {
          "assetId": "28Ba3BDvRe7EiWdfFNnLB6",
          "type": "projectCss",
          "checksum": "e1ec850476829c38b0f9b6d4f7ac446a"
        }
      ],
      "codegenVersion": "0.0.1"
    }
  ],
  "cliVersion": "0.1.257"
}
